
Microsoft Visual Studio Solution File, Format Version 12.00
# Visual Studio Version 17
VisualStudioVersion = 17.5.002.0
MinimumVisualStudioVersion = 10.0.40219.1
Project("{2150E333-8FDC-42A3-9474-1A3956D46DE8}") = "csharp-prep", "csharp-prep", "{90469E3B-F598-4106-B0C9-FD68F3F34D83}"
EndProject
Project("{9A19103F-16F7-4668-BE54-9A1E7A4F7556}") = "Prep1", "csharp-prep\Prep1\Prep1.csproj", "{972187F6-6875-4BBD-ACDE-7282114BE56C}"
EndProject
Project("{9A19103F-16F7-4668-BE54-9A1E7A4F7556}") = "Prep2", "csharp-prep\Prep2\Prep2.csproj", "{271CA665-0292-4A80-8CE2-F76D9EF5D346}"
EndProject
Project("{9A19103F-16F7-4668-BE54-9A1E7A4F7556}") = "Prep3", "csharp-prep\Prep3\Prep3.csproj", "{438BD3AB-645C-4AE3-BB9E-36BF11E2C8AD}"
EndProject
Project("{9A19103F-16F7-4668-BE54-9A1E7A4F7556}") = "Prep4", "csharp-prep\Prep4\Prep4.csproj", "{C1168084-D9AC-4B8F-82F4-FD4AA01A27A0}"
EndProject
Project("{9A19103F-16F7-4668-BE54-9A1E7A4F7556}") = "Prep5", "csharp-prep\Prep5\Prep5.csproj", "{AC03D911-8249-473D-BFAB-E95101B084FF}"
EndProject
Project("{2150E333-8FDC-42A3-9474-1A3956D46DE8}") = "final", "final", "{11BFCAE8-72FD-4B8F-A5B2-F99DF61E136D}"
EndProject
Project("{9A19103F-16F7-4668-BE54-9A1E7A4F7556}") = "FinalProject", "final\FinalProject\FinalProject.csproj", "{D662442E-4A49-46B1-BB30-7A3907A5E0EB}"
EndProject
Project("{9A19103F-16F7-4668-BE54-9A1E7A4F7556}") = "Foundation1", "final\Foundation1\Foundation1.csproj", "{C92995D1-417F-4736-A94A-CA736FC6E1DC}"
EndProject
Project("{9A19103F-16F7-4668-BE54-9A1E7A4F7556}") = "Foundation2", "final\Foundation2\Foundation2.csproj", "{0E6C44B9-0C5A-4C1C-9B4C-6AC48A88757C}"
EndProject
Project("{9A19103F-16F7-4668-BE54-9A1E7A4F7556}") = "Foundation3", "final\Foundation3\Foundation3.csproj", "{E2C21448-CA1F-4F67-B37F-397457C7D65E}"
EndProject
Project("{9A19103F-16F7-4668-BE54-9A1E7A4F7556}") = "Foundation4", "final\Foundation4\Foundation4.csproj", "{5511E05D-085C-4688-89D6-69AB731C7637}"
EndProject
Project("{2150E333-8FDC-42A3-9474-1A3956D46DE8}") = "prepare", "prepare", "{74940ED7-8102-42E1-9A1F-C29005DD5190}"
EndProject
Project("{9A19103F-16F7-4668-BE54-9A1E7A4F7556}") = "Learning02", "prepare\Learning02\Learning02.csproj", "{F2D8377D-DFC0-4BB3-A2D1-D3763FC72D27}"
EndProject
Project("{9A19103F-16F7-4668-BE54-9A1E7A4F7556}") = "Learning03", "prepare\Learning03\Learning03.csproj", "{0823BCBC-6076-40F6-AF64-82D60A7D6E1B}"
EndProject
Project("{9A19103F-16F7-4668-BE54-9A1E7A4F7556}") = "Learning04", "prepare\Learning04\Learning04.csproj", "{FEEB3B76-62B3-4B1D-B749-34598440F876}"
EndProject
Project("{9A19103F-16F7-4668-BE54-9A1E7A4F7556}") = "Learning05", "prepare\Learning05\Learning05.csproj", "{FE2D485D-69DF-4CF0-820D-191509EBD1EC}"
EndProject
Project("{2150E333-8FDC-42A3-9474-1A3956D46DE8}") = "prove", "prove", "{23139BB3-A160-4037-B527-1DF5E80745B2}"
EndProject
Project("{9A19103F-16F7-4668-BE54-9A1E7A4F7556}") = "Develop02", "prove\Develop02\Develop02.csproj", "{D37F6316-A214-46D8-9B58-8A405A01393B}"
EndProject
Project("{9A19103F-16F7-4668-BE54-9A1E7A4F7556}") = "Develop03", "prove\Develop03\Develop03.csproj", "{7CEA8117-0C3E-46CA-9CE3-7584CD86B9D0}"
EndProject
Project("{9A19103F-16F7-4668-BE54-9A1E7A4F7556}") = "Develop04", "prove\Develop04\Develop04.csproj", "{37DCA851-B56D-484A-8845-F09F61365921}"
EndProject
Project("{9A19103F-16F7-4668-BE54-9A1E7A4F7556}") = "Develop05", "prove\Develop05\Develop05.csproj", "{DB700A4C-5FA9-4DB1-B2BD-BF39D3155BA7}"
EndProject
Project("{2150E333-8FDC-42A3-9474-1A3956D46DE8}") = "sandbox", "sandbox", "{5A43ED80-6262-4809-8236-C4C095B3B972}"
EndProject
Project("{9A19103F-16F7-4668-BE54-9A1E7A4F7556}") = "Sandbox", "sandbox\Sandbox\Sandbox.csproj", "{1F1D5D89-5399-4E63-AC71-F7D633A8D8DF}"
EndProject
Global
	GlobalSection(SolutionConfigurationPlatforms) = preSolution
		Debug|Any CPU = Debug|Any CPU
		Release|Any CPU = Release|Any CPU
	EndGlobalSection
	GlobalSection(ProjectConfigurationPlatforms) = postSolution
		{972187F6-6875-4BBD-ACDE-7282114BE56C}.Debug|Any CPU.ActiveCfg = Debug|Any CPU
		{972187F6-6875-4BBD-ACDE-7282114BE56C}.Debug|Any CPU.Build.0 = Debug|Any CPU
		{972187F6-6875-4BBD-ACDE-7282114BE56C}.Release|Any CPU.ActiveCfg = Release|Any CPU
		{972187F6-6875-4BBD-ACDE-7282114BE56C}.Release|Any CPU.Build.0 = Release|Any CPU
		{271CA665-0292-4A80-8CE2-F76D9EF5D346}.Debug|Any CPU.ActiveCfg = Debug|Any CPU
		{271CA665-0292-4A80-8CE2-F76D9EF5D346}.Debug|Any CPU.Build.0 = Debug|Any CPU
		{271CA665-0292-4A80-8CE2-F76D9EF5D346}.Release|Any CPU.ActiveCfg = Release|Any CPU
		{271CA665-0292-4A80-8CE2-F76D9EF5D346}.Release|Any CPU.Build.0 = Release|Any CPU
		{438BD3AB-645C-4AE3-BB9E-36BF11E2C8AD}.Debug|Any CPU.ActiveCfg = Debug|Any CPU
		{438BD3AB-645C-4AE3-BB9E-36BF11E2C8AD}.Debug|Any CPU.Build.0 = Debug|Any CPU
		{438BD3AB-645C-4AE3-BB9E-36BF11E2C8AD}.Release|Any CPU.ActiveCfg = Release|Any CPU
		{438BD3AB-645C-4AE3-BB9E-36BF11E2C8AD}.Release|Any CPU.Build.0 = Release|Any CPU
		{C1168084-D9AC-4B8F-82F4-FD4AA01A27A0}.Debug|Any CPU.ActiveCfg = Debug|Any CPU
		{C1168084-D9AC-4B8F-82F4-FD4AA01A27A0}.Debug|Any CPU.Build.0 = Debug|Any CPU
		{C1168084-D9AC-4B8F-82F4-FD4AA01A27A0}.Release|Any CPU.ActiveCfg = Release|Any CPU
		{C1168084-D9AC-4B8F-82F4-FD4AA01A27A0}.Release|Any CPU.Build.0 = Release|Any CPU
		{AC03D911-8249-473D-BFAB-E95101B084FF}.Debug|Any CPU.ActiveCfg = Debug|Any CPU
		{AC03D911-8249-473D-BFAB-E95101B084FF}.Debug|Any CPU.Build.0 = Debug|Any CPU
		{AC03D911-8249-473D-BFAB-E95101B084FF}.Release|Any CPU.ActiveCfg = Release|Any CPU
		{AC03D911-8249-473D-BFAB-E95101B084FF}.Release|Any CPU.Build.0 = Release|Any CPU
		{D662442E-4A49-46B1-BB30-7A3907A5E0EB}.Debug|Any CPU.ActiveCfg = Debug|Any CPU
		{D662442E-4A49-46B1-BB30-7A3907A5E0EB}.Debug|Any CPU.Build.0 = Debug|Any CPU
		{D662442E-4A49-46B1-BB30-7A3907A5E0EB}.Release|Any CPU.ActiveCfg = Release|Any CPU
		{D662442E-4A49-46B1-BB30-7A3907A5E0EB}.Release|Any CPU.Build.0 = Release|Any CPU
		{C92995D1-417F-4736-A94A-CA736FC6E1DC}.Debug|Any CPU.ActiveCfg = Debug|Any CPU
		{C92995D1-417F-4736-A94A-CA736FC6E1DC}.Debug|Any CPU.Build.0 = Debug|Any CPU
		{C92995D1-417F-4736-A94A-CA736FC6E1DC}.Release|Any CPU.ActiveCfg = Release|Any CPU
		{C92995D1-417F-4736-A94A-CA736FC6E1DC}.Release|Any CPU.Build.0 = Release|Any CPU
		{0E6C44B9-0C5A-4C1C-9B4C-6AC48A88757C}.Debug|Any CPU.ActiveCfg = Debug|Any CPU
		{0E6C44B9-0C5A-4C1C-9B4C-6AC48A88757C}.Debug|Any CPU.Build.0 = Debug|Any CPU
		{0E6C44B9-0C5A-4C1C-9B4C-6AC48A88757C}.Release|Any CPU.ActiveCfg = Release|Any CPU
		{0E6C44B9-0C5A-4C1C-9B4C-6AC48A88757C}.Release|Any CPU.Build.0 = Release|Any CPU
		{E2C21448-CA1F-4F67-B37F-397457C7D65E}.Debug|Any CPU.ActiveCfg = Debug|Any CPU
		{E2C21448-CA1F-4F67-B37F-397457C7D65E}.Debug|Any CPU.Build.0 = Debug|Any CPU
		{E2C21448-CA1F-4F67-B37F-397457C7D65E}.Release|Any CPU.ActiveCfg = Release|Any CPU
		{E2C21448-CA1F-4F67-B37F-397457C7D65E}.Release|Any CPU.Build.0 = Release|Any CPU
		{5511E05D-085C-4688-89D6-69AB731C7637}.Debug|Any CPU.ActiveCfg = Debug|Any CPU
		{5511E05D-085C-4688-89D6-69AB731C7637}.Debug|Any CPU.Build.0 = Debug|Any CPU
		{5511E05D-085C-4688-89D6-69AB731C7637}.Release|Any CPU.ActiveCfg = Release|Any CPU
		{5511E05D-085C-4688-89D6-69AB731C7637}.Release|Any CPU.Build.0 = Release|Any CPU
		{F2D8377D-DFC0-4BB3-A2D1-D3763FC72D27}.Debug|Any CPU.ActiveCfg = Debug|Any CPU
		{F2D8377D-DFC0-4BB3-A2D1-D3763FC72D27}.Debug|Any CPU.Build.0 = Debug|Any CPU
		{F2D8377D-DFC0-4BB3-A2D1-D3763FC72D27}.Release|Any CPU.ActiveCfg = Release|Any CPU
		{F2D8377D-DFC0-4BB3-A2D1-D3763FC72D27}.Release|Any CPU.Build.0 = Release|Any CPU
		{0823BCBC-6076-40F6-AF64-82D60A7D6E1B}.Debug|Any CPU.ActiveCfg = Debug|Any CPU
		{0823BCBC-6076-40F6-AF64-82D60A7D6E1B}.Debug|Any CPU.Build.0 = Debug|Any CPU
		{0823BCBC-6076-40F6-AF64-82D60A7D6E1B}.Release|Any CPU.ActiveCfg = Release|Any CPU
		{0823BCBC-6076-40F6-AF64-82D60A7D6E1B}.Release|Any CPU.Build.0 = Release|Any CPU
		{FEEB3B76-62B3-4B1D-B749-34598440F876}.Debug|Any CPU.ActiveCfg = Debug|Any CPU
		{FEEB3B76-62B3-4B1D-B749-34598440F876}.Debug|Any CPU.Build.0 = Debug|Any CPU
		{FEEB3B76-62B3-4B1D-B749-34598440F876}.Release|Any CPU.ActiveCfg = Release|Any CPU
		{FEEB3B76-62B3-4B1D-B749-34598440F876}.Release|Any CPU.Build.0 = Release|Any CPU
		{FE2D485D-69DF-4CF0-820D-191509EBD1EC}.Debug|Any CPU.ActiveCfg = Debug|Any CPU
		{FE2D485D-69DF-4CF0-820D-191509EBD1EC}.Debug|Any CPU.Build.0 = Debug|Any CPU
		{FE2D485D-69DF-4CF0-820D-191509EBD1EC}.Release|Any CPU.ActiveCfg = Release|Any CPU
		{FE2D485D-69DF-4CF0-820D-191509EBD1EC}.Release|Any CPU.Build.0 = Release|Any CPU
		{D37F6316-A214-46D8-9B58-8A405A01393B}.Debug|Any CPU.ActiveCfg = Debug|Any CPU
		{D37F6316-A214-46D8-9B58-8A405A01393B}.Debug|Any CPU.Build.0 = Debug|Any CPU
		{D37F6316-A214-46D8-9B58-8A405A01393B}.Release|Any CPU.ActiveCfg = Release|Any CPU
		{D37F6316-A214-46D8-9B58-8A405A01393B}.Release|Any CPU.Build.0 = Release|Any CPU
		{7CEA8117-0C3E-46CA-9CE3-7584CD86B9D0}.Debug|Any CPU.ActiveCfg = Debug|Any CPU
		{7CEA8117-0C3E-46CA-9CE3-7584CD86B9D0}.Debug|Any CPU.Build.0 = Debug|Any CPU
		{7CEA8117-0C3E-46CA-9CE3-7584CD86B9D0}.Release|Any CPU.ActiveCfg = Release|Any CPU
		{7CEA8117-0C3E-46CA-9CE3-7584CD86B9D0}.Release|Any CPU.Build.0 = Release|Any CPU
		{37DCA851-B56D-484A-8845-F09F61365921}.Debug|Any CPU.ActiveCfg = Debug|Any CPU
		{37DCA851-B56D-484A-8845-F09F61365921}.Debug|Any CPU.Build.0 = Debug|Any CPU
		{37DCA851-B56D-484A-8845-F09F61365921}.Release|Any CPU.ActiveCfg = Release|Any CPU
		{37DCA851-B56D-484A-8845-F09F61365921}.Release|Any CPU.Build.0 = Release|Any CPU
		{DB700A4C-5FA9-4DB1-B2BD-BF39D3155BA7}.Debug|Any CPU.ActiveCfg = Debug|Any CPU
		{DB700A4C-5FA9-4DB1-B2BD-BF39D3155BA7}.Debug|Any CPU.Build.0 = Debug|Any CPU
		{DB700A4C-5FA9-4DB1-B2BD-BF39D3155BA7}.Release|Any CPU.ActiveCfg = Release|Any CPU
		{DB700A4C-5FA9-4DB1-B2BD-BF39D3155BA7}.Release|Any CPU.Build.0 = Release|Any CPU
		{1F1D5D89-5399-4E63-AC71-F7D633A8D8DF}.Debug|Any CPU.ActiveCfg = Debug|Any CPU
		{1F1D5D89-5399-4E63-AC71-F7D633A8D8DF}.Debug|Any CPU.Build.0 = Debug|Any CPU
		{1F1D5D89-5399-4E63-AC71-F7D633A8D8DF}.Release|Any CPU.ActiveCfg = Release|Any CPU
		{1F1D5D89-5399-4E63-AC71-F7D633A8D8DF}.Release|Any CPU.Build.0 = Release|Any CPU
	EndGlobalSection
	GlobalSection(SolutionProperties) = preSolution
		HideSolutionNode = FALSE
	EndGlobalSection
	GlobalSection(NestedProjects) = preSolution
		{972187F6-6875-4BBD-ACDE-7282114BE56C} = {90469E3B-F598-4106-B0C9-FD68F3F34D83}
		{271CA665-0292-4A80-8CE2-F76D9EF5D346} = {90469E3B-F598-4106-B0C9-FD68F3F34D83}
		{438BD3AB-645C-4AE3-BB9E-36BF11E2C8AD} = {90469E3B-F598-4106-B0C9-FD68F3F34D83}
		{C1168084-D9AC-4B8F-82F4-FD4AA01A27A0} = {90469E3B-F598-4106-B0C9-FD68F3F34D83}
		{AC03D911-8249-473D-BFAB-E95101B084FF} = {90469E3B-F598-4106-B0C9-FD68F3F34D83}
		{D662442E-4A49-46B1-BB30-7A3907A5E0EB} = {11BFCAE8-72FD-4B8F-A5B2-F99DF61E136D}
		{C92995D1-417F-4736-A94A-CA736FC6E1DC} = {11BFCAE8-72FD-4B8F-A5B2-F99DF61E136D}
		{0E6C44B9-0C5A-4C1C-9B4C-6AC48A88757C} = {11BFCAE8-72FD-4B8F-A5B2-F99DF61E136D}
		{E2C21448-CA1F-4F67-B37F-397457C7D65E} = {11BFCAE8-72FD-4B8F-A5B2-F99DF61E136D}
		{5511E05D-085C-4688-89D6-69AB731C7637} = {11BFCAE8-72FD-4B8F-A5B2-F99DF61E136D}
		{F2D8377D-DFC0-4BB3-A2D1-D3763FC72D27} = {74940ED7-8102-42E1-9A1F-C29005DD5190}
		{0823BCBC-6076-40F6-AF64-82D60A7D6E1B} = {74940ED7-8102-42E1-9A1F-C29005DD5190}
		{FEEB3B76-62B3-4B1D-B749-34598440F876} = {74940ED7-8102-42E1-9A1F-C29005DD5190}
		{FE2D485D-69DF-4CF0-820D-191509EBD1EC} = {74940ED7-8102-42E1-9A1F-C29005DD5190}
		{D37F6316-A214-46D8-9B58-8A405A01393B} = {23139BB3-A160-4037-B527-1DF5E80745B2}
		{7CEA8117-0C3E-46CA-9CE3-7584CD86B9D0} = {23139BB3-A160-4037-B527-1DF5E80745B2}
		{37DCA851-B56D-484A-8845-F09F61365921} = {23139BB3-A160-4037-B527-1DF5E80745B2}
		{DB700A4C-5FA9-4DB1-B2BD-BF39D3155BA7} = {23139BB3-A160-4037-B527-1DF5E80745B2}
		{1F1D5D89-5399-4E63-AC71-F7D633A8D8DF} = {5A43ED80-6262-4809-8236-C4C095B3B972}
	EndGlobalSection
	GlobalSection(ExtensibilityGlobals) = postSolution
		SolutionGuid = {4E1F43BF-EBFE-4D5E-97EA-67C235D225AE}
	EndGlobalSection
EndGlobal
